Microsoft Visual Studio Solution File, Format Version 12.00
# Visual Studio Version 17
VisualStudioVersion = 17.5.2.0
MinimumVisualStudioVersion = 10.0.40219.1
Project("{FAE04EC0-301F-11D3-BF4B-00C04F79EFBC}") = "Greet", "Greet\Greet.csproj", "{8AA548E6-83C2-A3D8-D335-7C7A1245639C}"
EndProject
Project("{FAE04EC0-301F-11D3-BF4B-00C04F79EFBC}") = "Greet.Api", "Greet.Api\Greet.Api.csproj", "{42D65C56-71A0-344D-6F44-0D25DC83CCB8}"
EndProject
Project("{FAE04EC0-301F-11D3-BF4B-00C04F79EFBC}") = "PsGreet", "PsGreet\PsGreet.csproj", "{358556D1-FDFE-B4BF-89F2-88DB1432A12A}"
EndProject
Global
	GlobalSection(SolutionConfigurationPlatforms) = preSolution
		Debug|Any CPU = Debug|Any CPU
		Release|Any CPU = Release|Any CPU
	EndGlobalSection
	GlobalSection(ProjectConfigurationPlatforms) = postSolution
		{8AA548E6-83C2-A3D8-D335-7C7A1245639C}.Debug|Any CPU.ActiveCfg = Debug|Any CPU
		{8AA548E6-83C2-A3D8-D335-7C7A1245639C}.Debug|Any CPU.Build.0 = Debug|Any CPU
		{8AA548E6-83C2-A3D8-D335-7C7A1245639C}.Release|Any CPU.ActiveCfg = Release|Any CPU
		{8AA548E6-83C2-A3D8-D335-7C7A1245639C}.Release|Any CPU.Build.0 = Release|Any CPU
		{42D65C56-71A0-344D-6F44-0D25DC83CCB8}.Debug|Any CPU.ActiveCfg = Debug|Any CPU
		{42D65C56-71A0-344D-6F44-0D25DC83CCB8}.Debug|Any CPU.Build.0 = Debug|Any CPU
		{42D65C56-71A0-344D-6F44-0D25DC83CCB8}.Release|Any CPU.ActiveCfg = Release|Any CPU
		{42D65C56-71A0-344D-6F44-0D25DC83CCB8}.Release|Any CPU.Build.0 = Release|Any CPU
		{358556D1-FDFE-B4BF-89F2-88DB1432A12A}.Debug|Any CPU.ActiveCfg = Debug|Any CPU
		{358556D1-FDFE-B4BF-89F2-88DB1432A12A}.Debug|Any CPU.Build.0 = Debug|Any CPU
		{358556D1-FDFE-B4BF-89F2-88DB1432A12A}.Release|Any CPU.ActiveCfg = Release|Any CPU
		{358556D1-FDFE-B4BF-89F2-88DB1432A12A}.Release|Any CPU.Build.0 = Release|Any CPU
	EndGlobalSection
	GlobalSection(SolutionProperties) = preSolution
		HideSolutionNode = FALSE
	EndGlobalSection
	GlobalSection(ExtensibilityGlobals) = postSolution
		SolutionGuid = {F22BB893-B3DE-4813-A7F1-A6D11CD18BE7}
	EndGlobalSection
EndGlobal
